github.com/dgrijalva/jwt-go v3.2.0+incompatible h1:7qlOGliEKZXTDg6OTjfoBKDXWrumCAMpl/TFQ4/5kLM=
github.com/dgrijalva/jwt-go v3.2.0+incompatible/go.mod h1:E3ru+11k8xSBh+hMPgOLZmtrrCbhqsmaPHjLKYnJCaQ=
github.com/gofrs/uuid v3.2.0+incompatible h1:y12jRkkFxsd7GpqdSZ+/KCs/fJbqpEXSGd4+jfEaewE=
github.com/gofrs/uuid v3.2.0+incompatible/go.mod h1:b2aQJv3Z4Fp6yNu3cdSllBxTCLRxnplIgP/c0N/04lM=
github.com/golang/protobuf v1.3.1 h1:YF8+flBXS5eO826T4nzqPrxfhQThhXl0YzfuUPu4SBg=
github.com/golang/protobuf v1.3.1/go.mod h1:6lQm79b+lXiMfvg/cZm0SGofjICqVBUtrP5yJMmIC1U=
github.com/szabba/assert v1.0.0 h1:cQ4DIY4CI6nC8RxujZ0Sm16ofrFiW0/V+ipV8LNMagU=
github.com/szabba/assert v1.0.0/go.mod h1:CqRfMH5Sl+E7KXuzjR7k+qLo8XyA9Sq8XND5zyeI1sQ=
github.com/szabba/devroute v0.0.0-20190419222955-3c459f803678 h1:hAgNK/3n60Cf0Ru9kFL9Kiyra+l5JhZFcsRK/QNMMLs=
github.com/szabba/devroute v0.0.0-20190426222307-609553cb7b83 h1:Hgz1JjhxKLCGkrMiJK22GrTsSZ3tG+UDuvCWwJ4njDo=
github.com/szabba/devroute v0.0.0-20190426231344-ec3e752b7230 h1:0oiExcl1av5PbtsZytXlKn5j9vmP90y9vOnrGRN9CVI=
github.com/szabba/devroute/backend/api v0.0.0-20190426220933-56e511badba7 h1:mcXRHMr9uIsz9y3gLItK+o3QBzUnmxh6oIdsuXIJp/U=
github.com/szabba/devroute/backend/api v0.0.0-20190426220933-56e511badba7/go.mod h1:+sOJ7XsZbsyp7u2rtHHZ8DXyoqsbvwhLwUUgGpYlcrs=
github.com/szabba/devroute/backend/api v0.0.0-20190426222307-609553cb7b83 h1:SqEg0DTkyLr1/ig/N98Fbkc38PeeKqujGxLdHd2T9XA=
github.com/szabba/devroute/backend/api v0.0.0-20190426222307-609553cb7b83/go.mod h1:mlrL6DOTU6dotsIo66i3jDjR4oPlXnuTw89z2egWrSo=
github.com/szabba/devroute/backend/api v0.0.0-20190426231344-ec3e752b7230 h1:wqEZyDC3bQ+Sq6iZyfk7m19jsZZZekeARjj56f5pC3k=
github.com/szabba/devroute/backend/api v0.0.0-20190426231344-ec3e752b7230/go.mod h1:mlrL6DOTU6dotsIo66i3jDjR4oPlXnuTw89z2egWrSo=
github.com/szabba/devroute/backend/api v0.0.0-20190430215830-623db2653a69 h1:Xdj/b9JPxVP/ZG3aTBKpzPj9WKoPk9RL0/Qbx+iQF3M=
github.com/szabba/devroute/backend/api v0.0.0-20190430215830-623db2653a69/go.mod h1:mlrL6DOTU6dotsIo66i3jDjR4oPlXnuTw89z2egWrSo=
github.com/szabba/devroute/backend/api v0.0.0-20190430220659-11914b81334d h1:REJGzE5Rdub5E3weHq7M0DKQzJ8hRderdtvLAWsK7BM=
github.com/szabba/devroute/backend/api v0.0.0-20190430220659-11914b81334d/go.mod h1:mlrL6DOTU6dotsIo66i3jDjR4oPlXnuTw89z2egWrSo=
github.com/szabba/devroute/backend/api v0.0.0-20190430221934-8fa3eb8e53e2 h1:2hHSTEAMjWJyK9vOdkVaAhDeZYNxO09/cyncKzUvSk4=
github.com/szabba/devroute/backend/api v0.0.0-20190430221934-8fa3eb8e53e2/go.mod h1:mlrL6DOTU6dotsIo66i3jDjR4oPlXnuTw89z2egWrSo=
github.com/szabba/devroute/backend/devroute v0.0.0-20190426222307-609553cb7b83 h1:PY3AiyPhqO19q/20dATw/P0RShXtNGf1bolrHmZ/h5s=
github.com/szabba/devroute/backend/devroute v0.0.0-20190426222307-609553cb7b83/go.mod h1:+nfAwRGrrOJTkTWL4CiOH5w/LqnWmBRaHkKUxOyF7CE=
github.com/szabba/devroute/backend/devroute v0.0.0-20190426231344-ec3e752b7230 h1:UqiwUMRg/3U7xz0nolLE9nGyyCx6yQlcXu6iHhjiH9s=
github.com/twitchtv/twirp v5.7.0+incompatible h1:9NU0Pv7g90mqNkfUSSi7rP2EsKDtO9GYKzEiOfAplgA=
github.com/twitchtv/twirp v5.7.0+incompatible/go.mod h1:RRJoFSAmTEh2weEqWtpPE3vFK5YBhA6bqp2l1kfCC5A=
golang.org/x/crypto v0.0.0-20190308221718-c2843e01d9a2/go.mod h1:djNgcEr1/C05ACkg1iLfiJU5Ep61QUkGW8qpdssI0+w=
golang.org/x/crypto v0.0.0-20190325154230-a5d413f7728c/go.mod h1:djNgcEr1/C05ACkg1iLfiJU5Ep61QUkGW8qpdssI0+w=
golang.org/x/crypto v0.0.0-20190426145343-a29dc8fdc734 h1:p/H982KKEjUnLJkM3tt/LemDnOc1GiZL5FCVlORJ5zo=
golang.org/x/crypto v0.0.0-20190426145343-a29dc8fdc734/go.mod h1:yigFU9vqHzYiE8UmvKecakEJjdnWj3jj499lnFckfCI=
golang.org/x/net v0.0.0-20190404232315-eb5bcb51f2a3/go.mod h1:t9HGtf8HONx5eT2rtn7q6eTqICYqUVnKs3thJo3Qplg=
golang.org/x/sys v0.0.0-20190215142949-d0b11bdaac8a/go.mod h1:STP8DvDyc/dI5b8T5hshtkjS+E42TnysNCUPdjciGhY=
golang.org/x/sys v0.0.0-20190412213103-97732733099d/go.mod h1:h1NjWce9XRLGQEsW7wpKNCjG9DtNlClVuFLEZdDNbEs=
golang.org/x/text v0.3.0/go.mod h1:NqM8EUOU14njkJ3fqMW+pc6Ldnwhi/IjpwHt7yyuwOQ=
